
Microsoft Visual Studio Solution File, Format Version 12.00
# Visual Studio Version 17
VisualStudioVersion = 17.9.34728.123
MinimumVisualStudioVersion = 10.0.40219.1
Project("{FAE04EC0-301F-11D3-BF4B-00C04F79EFBC}") = "popr", "popr\popr.csproj", "{81C960C6-B049-4B86-A7EA-C1F6CF756DBC}"
EndProject
Global
	GlobalSection(SolutionConfigurationPlatforms) = preSolution
		Debug|Any CPU = Debug|Any CPU
		Release|Any CPU = Release|Any CPU
	EndGlobalSection
	GlobalSection(ProjectConfigurationPlatforms) = postSolution
		{81C960C6-B049-4B86-A7EA-C1F6CF756DBC}.Debug|Any CPU.ActiveCfg = Debug|Any CPU
		{81C960C6-B049-4B86-A7EA-C1F6CF756DBC}.Debug|Any CPU.Build.0 = Debug|Any CPU
		{81C960C6-B049-4B86-A7EA-C1F6CF756DBC}.Release|Any CPU.ActiveCfg = Release|Any CPU
		{81C960C6-B049-4B86-A7EA-C1F6CF756DBC}.Release|Any CPU.Build.0 = Release|Any CPU
	EndGlobalSection
	GlobalSection(SolutionProperties) = preSolution
		HideSolutionNode = FALSE
	EndGlobalSection
	GlobalSection(ExtensibilityGlobals) = postSolution
		SolutionGuid = {18864418-BF16-4B1C-B76D-C8EA39AB561D}
	EndGlobalSection
EndGlobal
